
Microsoft Visual Studio Solution File, Format Version 12.00
# Visual Studio Version 17
VisualStudioVersion = 17.1.32210.238
MinimumVisualStudioVersion = 10.0.40219.1
Project("{8BC9CEB8-8B4A-11D0-8D11-00A0C91BC942}") = "DongTai", "DongTai\DongTai.vcxproj", "{7ECE9609-1B61-400E-A5B8-2F5B84FAD166}"
EndProject
Project("{8BC9CEB8-8B4A-11D0-8D11-00A0C91BC942}") = "70-climbStairs", "70-climbStairs\70-climbStairs.vcxproj", "{6D0C2A0F-F812-4476-9576-14B17E7192B7}"
EndProject
Project("{8BC9CEB8-8B4A-11D0-8D11-00A0C91BC942}") = "746-minCostClimbingStairs", "746-minCostClimbingStairs\746-minCostClimbingStairs.vcxproj", "{CFF5110B-93AD-4B31-BD31-9374E54FE9BC}"
EndProject
Project("{8BC9CEB8-8B4A-11D0-8D11-00A0C91BC942}") = "62-uniquePaths", "62-uniquePaths\62-uniquePaths.vcxproj", "{931CF461-E659-4656-B46C-10D5078B5577}"
EndProject
Project("{8BC9CEB8-8B4A-11D0-8D11-00A0C91BC942}") = "63-uniquePathsWithObstacles", "63-uniquePathsWithObstacles\63-uniquePathsWithObstacles.vcxproj", "{13D57D00-2277-4696-8CF8-BCD67D48BDBF}"
EndProject
Project("{8BC9CEB8-8B4A-11D0-8D11-00A0C91BC942}") = "343-integerBreak", "343-integerBreak\343-integerBreak.vcxproj", "{C741D618-8973-4015-911C-18F9C733220B}"
EndProject
Project("{8BC9CEB8-8B4A-11D0-8D11-00A0C91BC942}") = "96-numTrees", "96-numTrees\96-numTrees.vcxproj", "{5A103B80-AB64-4CD1-835F-1A12549ED843}"
EndProject
Project("{8BC9CEB8-8B4A-11D0-8D11-00A0C91BC942}") = "test_1_wei_bag_problem", "test_1_wei_bag_problem\test_1_wei_bag_problem.vcxproj", "{F4E38E67-4813-4E22-990D-D7900265ACBB}"
EndProject
Project("{8BC9CEB8-8B4A-11D0-8D11-00A0C91BC942}") = "416-canPartition", "416-canPartition\416-canPartition.vcxproj", "{F6B46AC9-8F6A-41A5-9EA3-9107989FAC5A}"
EndProject
Project("{8BC9CEB8-8B4A-11D0-8D11-00A0C91BC942}") = "1049-lastStoneWeightII", "1049-lastStoneWeightII\1049-lastStoneWeightII.vcxproj", "{6E7F23C4-DABA-4657-B25B-D719A3FD3B94}"
EndProject
Project("{8BC9CEB8-8B4A-11D0-8D11-00A0C91BC942}") = "494-findTargetSumWays", "494-findTargetSumWays\494-findTargetSumWays.vcxproj", "{64F48F6A-06E9-41A6-AFD1-FF5150D281E3}"
EndProject
Project("{8BC9CEB8-8B4A-11D0-8D11-00A0C91BC942}") = "474-findMaxForm", "474-findMaxForm\474-findMaxForm.vcxproj", "{F6C9ADDE-5118-492C-BE5A-9489C5F14EBE}"
EndProject
Project("{8BC9CEB8-8B4A-11D0-8D11-00A0C91BC942}") = "518-change", "518-change\518-change.vcxproj", "{5389A233-6AB7-4A61-A322-099078A8DA26}"
EndProject
Project("{8BC9CEB8-8B4A-11D0-8D11-00A0C91BC942}") = "377-combinationSum4", "377-combinationSum4\377-combinationSum4.vcxproj", "{0FC2E332-53AD-4404-8794-29CC7D1AA85F}"
EndProject
Project("{8BC9CEB8-8B4A-11D0-8D11-00A0C91BC942}") = "322-coinChange", "322-coinChange\322-coinChange.vcxproj", "{F821961A-1A5A-4878-ADD9-60BB1426F3D3}"
EndProject
Project("{8BC9CEB8-8B4A-11D0-8D11-00A0C91BC942}") = "279-numSquares", "279-numSquares\279-numSquares.vcxproj", "{B499B3A4-B4B9-4392-866A-9E09C194C158}"
EndProject
Project("{8BC9CEB8-8B4A-11D0-8D11-00A0C91BC942}") = "139-wordBreak", "139-wordBreak\139-wordBreak.vcxproj", "{06B27180-F55C-4D5D-9607-4CFD4E2A1E14}"
EndProject
Project("{8BC9CEB8-8B4A-11D0-8D11-00A0C91BC942}") = "198-rob1", "198-rob1\198-rob1.vcxproj", "{9C37C861-635D-4398-9568-27921EC8CF9E}"
EndProject
Project("{8BC9CEB8-8B4A-11D0-8D11-00A0C91BC942}") = "213-rob2", "213-rob2\213-rob2.vcxproj", "{0C8A4CE2-2295-4D6B-B7C9-640F59F74BC6}"
EndProject
Project("{8BC9CEB8-8B4A-11D0-8D11-00A0C91BC942}") = "337-robtree3", "337-robtree\337-robtree.vcxproj", "{5435F452-C0A8-4126-929D-A8319BA60B5E}"
EndProject
Project("{8BC9CEB8-8B4A-11D0-8D11-00A0C91BC942}") = "121-maxProfit", "121-maxProfit\121-maxProfit.vcxproj", "{7631749E-2E46-407D-B972-D18404CE8D55}"
EndProject
Project("{8BC9CEB8-8B4A-11D0-8D11-00A0C91BC942}") = "122-maxProfit", "122-maxProfit\122-maxProfit.vcxproj", "{28C7C265-741E-4AB7-9968-07D2829BC61F}"
EndProject
Project("{8BC9CEB8-8B4A-11D0-8D11-00A0C91BC942}") = "123-maxProfit3.cpp", "123-maxProfit.cpp\123-maxProfit.cpp.vcxproj", "{623FA6A9-A0AB-4403-8B67-2777D6150A50}"
EndProject
Project("{8BC9CEB8-8B4A-11D0-8D11-00A0C91BC942}") = "188-maxProfit4", "188-maxProfit4\188-maxProfit4.vcxproj", "{F9FAEC91-557F-4245-9DB0-93EB083A053E}"
EndProject
Project("{8BC9CEB8-8B4A-11D0-8D11-00A0C91BC942}") = "309maxProfit5", "309maxProfit5\309maxProfit5.vcxproj", "{2547E9A6-2848-4E93-B45E-7AF20872A1AB}"
EndProject
Project("{8BC9CEB8-8B4A-11D0-8D11-00A0C91BC942}") = "714-maxProfit", "714-maxProfit\714-maxProfit.vcxproj", "{226BE62F-0A4F-4FF7-8DAD-FA1B2A55B100}"
EndProject
Project("{8BC9CEB8-8B4A-11D0-8D11-00A0C91BC942}") = "300-lengthOfLIS", "300-lengthOfLIS\300-lengthOfLIS.vcxproj", "{8E8B095D-C5B4-4865-B39C-15A17DB8279E}"
EndProject
Project("{8BC9CEB8-8B4A-11D0-8D11-00A0C91BC942}") = "718-findLength", "718-findLength\718-findLength.vcxproj", "{8ED4DF6B-6998-4108-9105-1A005EAE52DD}"
EndProject
Project("{8BC9CEB8-8B4A-11D0-8D11-00A0C91BC942}") = "1143-longestCommonSubsequence", "1143-longestCommonSubsequence\1143-longestCommonSubsequence.vcxproj", "{7C5A1D12-FFF1-4411-A06B-B382E3DE4CFD}"
EndProject
Project("{8BC9CEB8-8B4A-11D0-8D11-00A0C91BC942}") = "115-numDistinct", "115-numDistinct\115-numDistinct.vcxproj", "{F1DFC362-0302-4536-883D-F21EBDEB1951}"
EndProject
Project("{8BC9CEB8-8B4A-11D0-8D11-00A0C91BC942}") = "583-minDistance", "583-minDistance\583-minDistance.vcxproj", "{7AD047CE-178F-46E5-B217-95C1D97F579A}"
EndProject
Project("{8BC9CEB8-8B4A-11D0-8D11-00A0C91BC942}") = "647-countSubstrings", "647-countSubstrings\647-countSubstrings.vcxproj", "{AE5ABB12-F369-4536-AC46-35D1861FABB8}"
EndProject
Project("{8BC9CEB8-8B4A-11D0-8D11-00A0C91BC942}") = "516-longestPalindromeSubseq", "516-longestPalindromeSubseq\516-longestPalindromeSubseq.vcxproj", "{C61668AC-6A6E-4824-A908-50025CB8CC2D}"
EndProject
Global
	GlobalSection(SolutionConfigurationPlatforms) = preSolution
		Debug|x64 = Debug|x64
		Debug|x86 = Debug|x86
		Release|x64 = Release|x64
		Release|x86 = Release|x86
	EndGlobalSection
	GlobalSection(ProjectConfigurationPlatforms) = postSolution
		{7ECE9609-1B61-400E-A5B8-2F5B84FAD166}.Debug|x64.ActiveCfg = Debug|x64
		{7ECE9609-1B61-400E-A5B8-2F5B84FAD166}.Debug|x64.Build.0 = Debug|x64
		{7ECE9609-1B61-400E-A5B8-2F5B84FAD166}.Debug|x86.ActiveCfg = Debug|Win32
		{7ECE9609-1B61-400E-A5B8-2F5B84FAD166}.Debug|x86.Build.0 = Debug|Win32
		{7ECE9609-1B61-400E-A5B8-2F5B84FAD166}.Release|x64.ActiveCfg = Release|x64
		{7ECE9609-1B61-400E-A5B8-2F5B84FAD166}.Release|x64.Build.0 = Release|x64
		{7ECE9609-1B61-400E-A5B8-2F5B84FAD166}.Release|x86.ActiveCfg = Release|Win32
		{7ECE9609-1B61-400E-A5B8-2F5B84FAD166}.Release|x86.Build.0 = Release|Win32
		{6D0C2A0F-F812-4476-9576-14B17E7192B7}.Debug|x64.ActiveCfg = Debug|x64
		{6D0C2A0F-F812-4476-9576-14B17E7192B7}.Debug|x64.Build.0 = Debug|x64
		{6D0C2A0F-F812-4476-9576-14B17E7192B7}.Debug|x86.ActiveCfg = Debug|Win32
		{6D0C2A0F-F812-4476-9576-14B17E7192B7}.Debug|x86.Build.0 = Debug|Win32
		{6D0C2A0F-F812-4476-9576-14B17E7192B7}.Release|x64.ActiveCfg = Release|x64
		{6D0C2A0F-F812-4476-9576-14B17E7192B7}.Release|x64.Build.0 = Release|x64
		{6D0C2A0F-F812-4476-9576-14B17E7192B7}.Release|x86.ActiveCfg = Release|Win32
		{6D0C2A0F-F812-4476-9576-14B17E7192B7}.Release|x86.Build.0 = Release|Win32
		{CFF5110B-93AD-4B31-BD31-9374E54FE9BC}.Debug|x64.ActiveCfg = Debug|x64
		{CFF5110B-93AD-4B31-BD31-9374E54FE9BC}.Debug|x64.Build.0 = Debug|x64
		{CFF5110B-93AD-4B31-BD31-9374E54FE9BC}.Debug|x86.ActiveCfg = Debug|Win32
		{CFF5110B-93AD-4B31-BD31-9374E54FE9BC}.Debug|x86.Build.0 = Debug|Win32
		{CFF5110B-93AD-4B31-BD31-9374E54FE9BC}.Release|x64.ActiveCfg = Release|x64
		{CFF5110B-93AD-4B31-BD31-9374E54FE9BC}.Release|x64.Build.0 = Release|x64
		{CFF5110B-93AD-4B31-BD31-9374E54FE9BC}.Release|x86.ActiveCfg = Release|Win32
		{CFF5110B-93AD-4B31-BD31-9374E54FE9BC}.Release|x86.Build.0 = Release|Win32
		{931CF461-E659-4656-B46C-10D5078B5577}.Debug|x64.ActiveCfg = Debug|x64
		{931CF461-E659-4656-B46C-10D5078B5577}.Debug|x64.Build.0 = Debug|x64
		{931CF461-E659-4656-B46C-10D5078B5577}.Debug|x86.ActiveCfg = Debug|Win32
		{931CF461-E659-4656-B46C-10D5078B5577}.Debug|x86.Build.0 = Debug|Win32
		{931CF461-E659-4656-B46C-10D5078B5577}.Release|x64.ActiveCfg = Release|x64
		{931CF461-E659-4656-B46C-10D5078B5577}.Release|x64.Build.0 = Release|x64
		{931CF461-E659-4656-B46C-10D5078B5577}.Release|x86.ActiveCfg = Release|Win32
		{931CF461-E659-4656-B46C-10D5078B5577}.Release|x86.Build.0 = Release|Win32
		{13D57D00-2277-4696-8CF8-BCD67D48BDBF}.Debug|x64.ActiveCfg = Debug|x64
		{13D57D00-2277-4696-8CF8-BCD67D48BDBF}.Debug|x64.Build.0 = Debug|x64
		{13D57D00-2277-4696-8CF8-BCD67D48BDBF}.Debug|x86.ActiveCfg = Debug|Win32
		{13D57D00-2277-4696-8CF8-BCD67D48BDBF}.Debug|x86.Build.0 = Debug|Win32
		{13D57D00-2277-4696-8CF8-BCD67D48BDBF}.Release|x64.ActiveCfg = Release|x64
		{13D57D00-2277-4696-8CF8-BCD67D48BDBF}.Release|x64.Build.0 = Release|x64
		{13D57D00-2277-4696-8CF8-BCD67D48BDBF}.Release|x86.ActiveCfg = Release|Win32
		{13D57D00-2277-4696-8CF8-BCD67D48BDBF}.Release|x86.Build.0 = Release|Win32
		{C741D618-8973-4015-911C-18F9C733220B}.Debug|x64.ActiveCfg = Debug|x64
		{C741D618-8973-4015-911C-18F9C733220B}.Debug|x64.Build.0 = Debug|x64
		{C741D618-8973-4015-911C-18F9C733220B}.Debug|x86.ActiveCfg = Debug|Win32
		{C741D618-8973-4015-911C-18F9C733220B}.Debug|x86.Build.0 = Debug|Win32
		{C741D618-8973-4015-911C-18F9C733220B}.Release|x64.ActiveCfg = Release|x64
		{C741D618-8973-4015-911C-18F9C733220B}.Release|x64.Build.0 = Release|x64
		{C741D618-8973-4015-911C-18F9C733220B}.Release|x86.ActiveCfg = Release|Win32
		{C741D618-8973-4015-911C-18F9C733220B}.Release|x86.Build.0 = Release|Win32
		{5A103B80-AB64-4CD1-835F-1A12549ED843}.Debug|x64.ActiveCfg = Debug|x64
		{5A103B80-AB64-4CD1-835F-1A12549ED843}.Debug|x64.Build.0 = Debug|x64
		{5A103B80-AB64-4CD1-835F-1A12549ED843}.Debug|x86.ActiveCfg = Debug|Win32
		{5A103B80-AB64-4CD1-835F-1A12549ED843}.Debug|x86.Build.0 = Debug|Win32
		{5A103B80-AB64-4CD1-835F-1A12549ED843}.Release|x64.ActiveCfg = Release|x64
		{5A103B80-AB64-4CD1-835F-1A12549ED843}.Release|x64.Build.0 = Release|x64
		{5A103B80-AB64-4CD1-835F-1A12549ED843}.Release|x86.ActiveCfg = Release|Win32
		{5A103B80-AB64-4CD1-835F-1A12549ED843}.Release|x86.Build.0 = Release|Win32
		{F4E38E67-4813-4E22-990D-D7900265ACBB}.Debug|x64.ActiveCfg = Debug|x64
		{F4E38E67-4813-4E22-990D-D7900265ACBB}.Debug|x64.Build.0 = Debug|x64
		{F4E38E67-4813-4E22-990D-D7900265ACBB}.Debug|x86.ActiveCfg = Debug|Win32
		{F4E38E67-4813-4E22-990D-D7900265ACBB}.Debug|x86.Build.0 = Debug|Win32
		{F4E38E67-4813-4E22-990D-D7900265ACBB}.Release|x64.ActiveCfg = Release|x64
		{F4E38E67-4813-4E22-990D-D7900265ACBB}.Release|x64.Build.0 = Release|x64
		{F4E38E67-4813-4E22-990D-D7900265ACBB}.Release|x86.ActiveCfg = Release|Win32
		{F4E38E67-4813-4E22-990D-D7900265ACBB}.Release|x86.Build.0 = Release|Win32
		{F6B46AC9-8F6A-41A5-9EA3-9107989FAC5A}.Debug|x64.ActiveCfg = Debug|x64
		{F6B46AC9-8F6A-41A5-9EA3-9107989FAC5A}.Debug|x64.Build.0 = Debug|x64
		{F6B46AC9-8F6A-41A5-9EA3-9107989FAC5A}.Debug|x86.ActiveCfg = Debug|Win32
		{F6B46AC9-8F6A-41A5-9EA3-9107989FAC5A}.Debug|x86.Build.0 = Debug|Win32
		{F6B46AC9-8F6A-41A5-9EA3-9107989FAC5A}.Release|x64.ActiveCfg = Release|x64
		{F6B46AC9-8F6A-41A5-9EA3-9107989FAC5A}.Release|x64.Build.0 = Release|x64
		{F6B46AC9-8F6A-41A5-9EA3-9107989FAC5A}.Release|x86.ActiveCfg = Release|Win32
		{F6B46AC9-8F6A-41A5-9EA3-9107989FAC5A}.Release|x86.Build.0 = Release|Win32
		{6E7F23C4-DABA-4657-B25B-D719A3FD3B94}.Debug|x64.ActiveCfg = Debug|x64
		{6E7F23C4-DABA-4657-B25B-D719A3FD3B94}.Debug|x64.Build.0 = Debug|x64
		{6E7F23C4-DABA-4657-B25B-D719A3FD3B94}.Debug|x86.ActiveCfg = Debug|Win32
		{6E7F23C4-DABA-4657-B25B-D719A3FD3B94}.Debug|x86.Build.0 = Debug|Win32
		{6E7F23C4-DABA-4657-B25B-D719A3FD3B94}.Release|x64.ActiveCfg = Release|x64
		{6E7F23C4-DABA-4657-B25B-D719A3FD3B94}.Release|x64.Build.0 = Release|x64
		{6E7F23C4-DABA-4657-B25B-D719A3FD3B94}.Release|x86.ActiveCfg = Release|Win32
		{6E7F23C4-DABA-4657-B25B-D719A3FD3B94}.Release|x86.Build.0 = Release|Win32
		{64F48F6A-06E9-41A6-AFD1-FF5150D281E3}.Debug|x64.ActiveCfg = Debug|x64
		{64F48F6A-06E9-41A6-AFD1-FF5150D281E3}.Debug|x64.Build.0 = Debug|x64
		{64F48F6A-06E9-41A6-AFD1-FF5150D281E3}.Debug|x86.ActiveCfg = Debug|Win32
		{64F48F6A-06E9-41A6-AFD1-FF5150D281E3}.Debug|x86.Build.0 = Debug|Win32
		{64F48F6A-06E9-41A6-AFD1-FF5150D281E3}.Release|x64.ActiveCfg = Release|x64
		{64F48F6A-06E9-41A6-AFD1-FF5150D281E3}.Release|x64.Build.0 = Release|x64
		{64F48F6A-06E9-41A6-AFD1-FF5150D281E3}.Release|x86.ActiveCfg = Release|Win32
		{64F48F6A-06E9-41A6-AFD1-FF5150D281E3}.Release|x86.Build.0 = Release|Win32
		{F6C9ADDE-5118-492C-BE5A-9489C5F14EBE}.Debug|x64.ActiveCfg = Debug|x64
		{F6C9ADDE-5118-492C-BE5A-9489C5F14EBE}.Debug|x64.Build.0 = Debug|x64
		{F6C9ADDE-5118-492C-BE5A-9489C5F14EBE}.Debug|x86.ActiveCfg = Debug|Win32
		{F6C9ADDE-5118-492C-BE5A-9489C5F14EBE}.Debug|x86.Build.0 = Debug|Win32
		{F6C9ADDE-5118-492C-BE5A-9489C5F14EBE}.Release|x64.ActiveCfg = Release|x64
		{F6C9ADDE-5118-492C-BE5A-9489C5F14EBE}.Release|x64.Build.0 = Release|x64
		{F6C9ADDE-5118-492C-BE5A-9489C5F14EBE}.Release|x86.ActiveCfg = Release|Win32
		{F6C9ADDE-5118-492C-BE5A-9489C5F14EBE}.Release|x86.Build.0 = Release|Win32
		{5389A233-6AB7-4A61-A322-099078A8DA26}.Debug|x64.ActiveCfg = Debug|x64
		{5389A233-6AB7-4A61-A322-099078A8DA26}.Debug|x64.Build.0 = Debug|x64
		{5389A233-6AB7-4A61-A322-099078A8DA26}.Debug|x86.ActiveCfg = Debug|Win32
		{5389A233-6AB7-4A61-A322-099078A8DA26}.Debug|x86.Build.0 = Debug|Win32
		{5389A233-6AB7-4A61-A322-099078A8DA26}.Release|x64.ActiveCfg = Release|x64
		{5389A233-6AB7-4A61-A322-099078A8DA26}.Release|x64.Build.0 = Release|x64
		{5389A233-6AB7-4A61-A322-099078A8DA26}.Release|x86.ActiveCfg = Release|Win32
		{5389A233-6AB7-4A61-A322-099078A8DA26}.Release|x86.Build.0 = Release|Win32
		{0FC2E332-53AD-4404-8794-29CC7D1AA85F}.Debug|x64.ActiveCfg = Debug|x64
		{0FC2E332-53AD-4404-8794-29CC7D1AA85F}.Debug|x64.Build.0 = Debug|x64
		{0FC2E332-53AD-4404-8794-29CC7D1AA85F}.Debug|x86.ActiveCfg = Debug|Win32
		{0FC2E332-53AD-4404-8794-29CC7D1AA85F}.Debug|x86.Build.0 = Debug|Win32
		{0FC2E332-53AD-4404-8794-29CC7D1AA85F}.Release|x64.ActiveCfg = Release|x64
		{0FC2E332-53AD-4404-8794-29CC7D1AA85F}.Release|x64.Build.0 = Release|x64
		{0FC2E332-53AD-4404-8794-29CC7D1AA85F}.Release|x86.ActiveCfg = Release|Win32
		{0FC2E332-53AD-4404-8794-29CC7D1AA85F}.Release|x86.Build.0 = Release|Win32
		{F821961A-1A5A-4878-ADD9-60BB1426F3D3}.Debug|x64.ActiveCfg = Debug|x64
		{F821961A-1A5A-4878-ADD9-60BB1426F3D3}.Debug|x64.Build.0 = Debug|x64
		{F821961A-1A5A-4878-ADD9-60BB1426F3D3}.Debug|x86.ActiveCfg = Debug|Win32
		{F821961A-1A5A-4878-ADD9-60BB1426F3D3}.Debug|x86.Build.0 = Debug|Win32
		{F821961A-1A5A-4878-ADD9-60BB1426F3D3}.Release|x64.ActiveCfg = Release|x64
		{F821961A-1A5A-4878-ADD9-60BB1426F3D3}.Release|x64.Build.0 = Release|x64
		{F821961A-1A5A-4878-ADD9-60BB1426F3D3}.Release|x86.ActiveCfg = Release|Win32
		{F821961A-1A5A-4878-ADD9-60BB1426F3D3}.Release|x86.Build.0 = Release|Win32
		{B499B3A4-B4B9-4392-866A-9E09C194C158}.Debug|x64.ActiveCfg = Debug|x64
		{B499B3A4-B4B9-4392-866A-9E09C194C158}.Debug|x64.Build.0 = Debug|x64
		{B499B3A4-B4B9-4392-866A-9E09C194C158}.Debug|x86.ActiveCfg = Debug|Win32
		{B499B3A4-B4B9-4392-866A-9E09C194C158}.Debug|x86.Build.0 = Debug|Win32
		{B499B3A4-B4B9-4392-866A-9E09C194C158}.Release|x64.ActiveCfg = Release|x64
		{B499B3A4-B4B9-4392-866A-9E09C194C158}.Release|x64.Build.0 = Release|x64
		{B499B3A4-B4B9-4392-866A-9E09C194C158}.Release|x86.ActiveCfg = Release|Win32
		{B499B3A4-B4B9-4392-866A-9E09C194C158}.Release|x86.Build.0 = Release|Win32
		{06B27180-F55C-4D5D-9607-4CFD4E2A1E14}.Debug|x64.ActiveCfg = Debug|x64
		{06B27180-F55C-4D5D-9607-4CFD4E2A1E14}.Debug|x64.Build.0 = Debug|x64
		{06B27180-F55C-4D5D-9607-4CFD4E2A1E14}.Debug|x86.ActiveCfg = Debug|Win32
		{06B27180-F55C-4D5D-9607-4CFD4E2A1E14}.Debug|x86.Build.0 = Debug|Win32
		{06B27180-F55C-4D5D-9607-4CFD4E2A1E14}.Release|x64.ActiveCfg = Release|x64
		{06B27180-F55C-4D5D-9607-4CFD4E2A1E14}.Release|x64.Build.0 = Release|x64
		{06B27180-F55C-4D5D-9607-4CFD4E2A1E14}.Release|x86.ActiveCfg = Release|Win32
		{06B27180-F55C-4D5D-9607-4CFD4E2A1E14}.Release|x86.Build.0 = Release|Win32
		{9C37C861-635D-4398-9568-27921EC8CF9E}.Debug|x64.ActiveCfg = Debug|x64
		{9C37C861-635D-4398-9568-27921EC8CF9E}.Debug|x64.Build.0 = Debug|x64
		{9C37C861-635D-4398-9568-27921EC8CF9E}.Debug|x86.ActiveCfg = Debug|Win32
		{9C37C861-635D-4398-9568-27921EC8CF9E}.Debug|x86.Build.0 = Debug|Win32
		{9C37C861-635D-4398-9568-27921EC8CF9E}.Release|x64.ActiveCfg = Release|x64
		{9C37C861-635D-4398-9568-27921EC8CF9E}.Release|x64.Build.0 = Release|x64
		{9C37C861-635D-4398-9568-27921EC8CF9E}.Release|x86.ActiveCfg = Release|Win32
		{9C37C861-635D-4398-9568-27921EC8CF9E}.Release|x86.Build.0 = Release|Win32
		{0C8A4CE2-2295-4D6B-B7C9-640F59F74BC6}.Debug|x64.ActiveCfg = Debug|x64
		{0C8A4CE2-2295-4D6B-B7C9-640F59F74BC6}.Debug|x64.Build.0 = Debug|x64
		{0C8A4CE2-2295-4D6B-B7C9-640F59F74BC6}.Debug|x86.ActiveCfg = Debug|Win32
		{0C8A4CE2-2295-4D6B-B7C9-640F59F74BC6}.Debug|x86.Build.0 = Debug|Win32
		{0C8A4CE2-2295-4D6B-B7C9-640F59F74BC6}.Release|x64.ActiveCfg = Release|x64
		{0C8A4CE2-2295-4D6B-B7C9-640F59F74BC6}.Release|x64.Build.0 = Release|x64
		{0C8A4CE2-2295-4D6B-B7C9-640F59F74BC6}.Release|x86.ActiveCfg = Release|Win32
		{0C8A4CE2-2295-4D6B-B7C9-640F59F74BC6}.Release|x86.Build.0 = Release|Win32
		{5435F452-C0A8-4126-929D-A8319BA60B5E}.Debug|x64.ActiveCfg = Debug|x64
		{5435F452-C0A8-4126-929D-A8319BA60B5E}.Debug|x64.Build.0 = Debug|x64
		{5435F452-C0A8-4126-929D-A8319BA60B5E}.Debug|x86.ActiveCfg = Debug|Win32
		{5435F452-C0A8-4126-929D-A8319BA60B5E}.Debug|x86.Build.0 = Debug|Win32
		{5435F452-C0A8-4126-929D-A8319BA60B5E}.Release|x64.ActiveCfg = Release|x64
		{5435F452-C0A8-4126-929D-A8319BA60B5E}.Release|x64.Build.0 = Release|x64
		{5435F452-C0A8-4126-929D-A8319BA60B5E}.Release|x86.ActiveCfg = Release|Win32
		{5435F452-C0A8-4126-929D-A8319BA60B5E}.Release|x86.Build.0 = Release|Win32
		{7631749E-2E46-407D-B972-D18404CE8D55}.Debug|x64.ActiveCfg = Debug|x64
		{7631749E-2E46-407D-B972-D18404CE8D55}.Debug|x64.Build.0 = Debug|x64
		{7631749E-2E46-407D-B972-D18404CE8D55}.Debug|x86.ActiveCfg = Debug|Win32
		{7631749E-2E46-407D-B972-D18404CE8D55}.Debug|x86.Build.0 = Debug|Win32
		{7631749E-2E46-407D-B972-D18404CE8D55}.Release|x64.ActiveCfg = Release|x64
		{7631749E-2E46-407D-B972-D18404CE8D55}.Release|x64.Build.0 = Release|x64
		{7631749E-2E46-407D-B972-D18404CE8D55}.Release|x86.ActiveCfg = Release|Win32
		{7631749E-2E46-407D-B972-D18404CE8D55}.Release|x86.Build.0 = Release|Win32
		{28C7C265-741E-4AB7-9968-07D2829BC61F}.Debug|x64.ActiveCfg = Debug|x64
		{28C7C265-741E-4AB7-9968-07D2829BC61F}.Debug|x64.Build.0 = Debug|x64
		{28C7C265-741E-4AB7-9968-07D2829BC61F}.Debug|x86.ActiveCfg = Debug|Win32
		{28C7C265-741E-4AB7-9968-07D2829BC61F}.Debug|x86.Build.0 = Debug|Win32
		{28C7C265-741E-4AB7-9968-07D2829BC61F}.Release|x64.ActiveCfg = Release|x64
		{28C7C265-741E-4AB7-9968-07D2829BC61F}.Release|x64.Build.0 = Release|x64
		{28C7C265-741E-4AB7-9968-07D2829BC61F}.Release|x86.ActiveCfg = Release|Win32
		{28C7C265-741E-4AB7-9968-07D2829BC61F}.Release|x86.Build.0 = Release|Win32
		{623FA6A9-A0AB-4403-8B67-2777D6150A50}.Debug|x64.ActiveCfg = Debug|x64
		{623FA6A9-A0AB-4403-8B67-2777D6150A50}.Debug|x64.Build.0 = Debug|x64
		{623FA6A9-A0AB-4403-8B67-2777D6150A50}.Debug|x86.ActiveCfg = Debug|Win32
		{623FA6A9-A0AB-4403-8B67-2777D6150A50}.Debug|x86.Build.0 = Debug|Win32
		{623FA6A9-A0AB-4403-8B67-2777D6150A50}.Release|x64.ActiveCfg = Release|x64
		{623FA6A9-A0AB-4403-8B67-2777D6150A50}.Release|x64.Build.0 = Release|x64
		{623FA6A9-A0AB-4403-8B67-2777D6150A50}.Release|x86.ActiveCfg = Release|Win32
		{623FA6A9-A0AB-4403-8B67-2777D6150A50}.Release|x86.Build.0 = Release|Win32
		{F9FAEC91-557F-4245-9DB0-93EB083A053E}.Debug|x64.ActiveCfg = Debug|x64
		{F9FAEC91-557F-4245-9DB0-93EB083A053E}.Debug|x64.Build.0 = Debug|x64
		{F9FAEC91-557F-4245-9DB0-93EB083A053E}.Debug|x86.ActiveCfg = Debug|Win32
		{F9FAEC91-557F-4245-9DB0-93EB083A053E}.Debug|x86.Build.0 = Debug|Win32
		{F9FAEC91-557F-4245-9DB0-93EB083A053E}.Release|x64.ActiveCfg = Release|x64
		{F9FAEC91-557F-4245-9DB0-93EB083A053E}.Release|x64.Build.0 = Release|x64
		{F9FAEC91-557F-4245-9DB0-93EB083A053E}.Release|x86.ActiveCfg = Release|Win32
		{F9FAEC91-557F-4245-9DB0-93EB083A053E}.Release|x86.Build.0 = Release|Win32
		{2547E9A6-2848-4E93-B45E-7AF20872A1AB}.Debug|x64.ActiveCfg = Debug|x64
		{2547E9A6-2848-4E93-B45E-7AF20872A1AB}.Debug|x64.Build.0 = Debug|x64
		{2547E9A6-2848-4E93-B45E-7AF20872A1AB}.Debug|x86.ActiveCfg = Debug|Win32
		{2547E9A6-2848-4E93-B45E-7AF20872A1AB}.Debug|x86.Build.0 = Debug|Win32
		{2547E9A6-2848-4E93-B45E-7AF20872A1AB}.Release|x64.ActiveCfg = Release|x64
		{2547E9A6-2848-4E93-B45E-7AF20872A1AB}.Release|x64.Build.0 = Release|x64
		{2547E9A6-2848-4E93-B45E-7AF20872A1AB}.Release|x86.ActiveCfg = Release|Win32
		{2547E9A6-2848-4E93-B45E-7AF20872A1AB}.Release|x86.Build.0 = Release|Win32
		{226BE62F-0A4F-4FF7-8DAD-FA1B2A55B100}.Debug|x64.ActiveCfg = Debug|x64
		{226BE62F-0A4F-4FF7-8DAD-FA1B2A55B100}.Debug|x64.Build.0 = Debug|x64
		{226BE62F-0A4F-4FF7-8DAD-FA1B2A55B100}.Debug|x86.ActiveCfg = Debug|Win32
		{226BE62F-0A4F-4FF7-8DAD-FA1B2A55B100}.Debug|x86.Build.0 = Debug|Win32
		{226BE62F-0A4F-4FF7-8DAD-FA1B2A55B100}.Release|x64.ActiveCfg = Release|x64
		{226BE62F-0A4F-4FF7-8DAD-FA1B2A55B100}.Release|x64.Build.0 = Release|x64
		{226BE62F-0A4F-4FF7-8DAD-FA1B2A55B100}.Release|x86.ActiveCfg = Release|Win32
		{226BE62F-0A4F-4FF7-8DAD-FA1B2A55B100}.Release|x86.Build.0 = Release|Win32
		{8E8B095D-C5B4-4865-B39C-15A17DB8279E}.Debug|x64.ActiveCfg = Debug|x64
		{8E8B095D-C5B4-4865-B39C-15A17DB8279E}.Debug|x64.Build.0 = Debug|x64
		{8E8B095D-C5B4-4865-B39C-15A17DB8279E}.Debug|x86.ActiveCfg = Debug|Win32
		{8E8B095D-C5B4-4865-B39C-15A17DB8279E}.Debug|x86.Build.0 = Debug|Win32
		{8E8B095D-C5B4-4865-B39C-15A17DB8279E}.Release|x64.ActiveCfg = Release|x64
		{8E8B095D-C5B4-4865-B39C-15A17DB8279E}.Release|x64.Build.0 = Release|x64
		{8E8B095D-C5B4-4865-B39C-15A17DB8279E}.Release|x86.ActiveCfg = Release|Win32
		{8E8B095D-C5B4-4865-B39C-15A17DB8279E}.Release|x86.Build.0 = Release|Win32
		{8ED4DF6B-6998-4108-9105-1A005EAE52DD}.Debug|x64.ActiveCfg = Debug|x64
		{8ED4DF6B-6998-4108-9105-1A005EAE52DD}.Debug|x64.Build.0 = Debug|x64
		{8ED4DF6B-6998-4108-9105-1A005EAE52DD}.Debug|x86.ActiveCfg = Debug|Win32
		{8ED4DF6B-6998-4108-9105-1A005EAE52DD}.Debug|x86.Build.0 = Debug|Win32
		{8ED4DF6B-6998-4108-9105-1A005EAE52DD}.Release|x64.ActiveCfg = Release|x64
		{8ED4DF6B-6998-4108-9105-1A005EAE52DD}.Release|x64.Build.0 = Release|x64
		{8ED4DF6B-6998-4108-9105-1A005EAE52DD}.Release|x86.ActiveCfg = Release|Win32
		{8ED4DF6B-6998-4108-9105-1A005EAE52DD}.Release|x86.Build.0 = Release|Win32
		{7C5A1D12-FFF1-4411-A06B-B382E3DE4CFD}.Debug|x64.ActiveCfg = Debug|x64
		{7C5A1D12-FFF1-4411-A06B-B382E3DE4CFD}.Debug|x64.Build.0 = Debug|x64
		{7C5A1D12-FFF1-4411-A06B-B382E3DE4CFD}.Debug|x86.ActiveCfg = Debug|Win32
		{7C5A1D12-FFF1-4411-A06B-B382E3DE4CFD}.Debug|x86.Build.0 = Debug|Win32
		{7C5A1D12-FFF1-4411-A06B-B382E3DE4CFD}.Release|x64.ActiveCfg = Release|x64
		{7C5A1D12-FFF1-4411-A06B-B382E3DE4CFD}.Release|x64.Build.0 = Release|x64
		{7C5A1D12-FFF1-4411-A06B-B382E3DE4CFD}.Release|x86.ActiveCfg = Release|Win32
		{7C5A1D12-FFF1-4411-A06B-B382E3DE4CFD}.Release|x86.Build.0 = Release|Win32
		{F1DFC362-0302-4536-883D-F21EBDEB1951}.Debug|x64.ActiveCfg = Debug|x64
		{F1DFC362-0302-4536-883D-F21EBDEB1951}.Debug|x64.Build.0 = Debug|x64
		{F1DFC362-0302-4536-883D-F21EBDEB1951}.Debug|x86.ActiveCfg = Debug|Win32
		{F1DFC362-0302-4536-883D-F21EBDEB1951}.Debug|x86.Build.0 = Debug|Win32
		{F1DFC362-0302-4536-883D-F21EBDEB1951}.Release|x64.ActiveCfg = Release|x64
		{F1DFC362-0302-4536-883D-F21EBDEB1951}.Release|x64.Build.0 = Release|x64
		{F1DFC362-0302-4536-883D-F21EBDEB1951}.Release|x86.ActiveCfg = Release|Win32
		{F1DFC362-0302-4536-883D-F21EBDEB1951}.Release|x86.Build.0 = Release|Win32
		{7AD047CE-178F-46E5-B217-95C1D97F579A}.Debug|x64.ActiveCfg = Debug|x64
		{7AD047CE-178F-46E5-B217-95C1D97F579A}.Debug|x64.Build.0 = Debug|x64
		{7AD047CE-178F-46E5-B217-95C1D97F579A}.Debug|x86.ActiveCfg = Debug|Win32
		{7AD047CE-178F-46E5-B217-95C1D97F579A}.Debug|x86.Build.0 = Debug|Win32
		{7AD047CE-178F-46E5-B217-95C1D97F579A}.Release|x64.ActiveCfg = Release|x64
		{7AD047CE-178F-46E5-B217-95C1D97F579A}.Release|x64.Build.0 = Release|x64
		{7AD047CE-178F-46E5-B217-95C1D97F579A}.Release|x86.ActiveCfg = Release|Win32
		{7AD047CE-178F-46E5-B217-95C1D97F579A}.Release|x86.Build.0 = Release|Win32
		{AE5ABB12-F369-4536-AC46-35D1861FABB8}.Debug|x64.ActiveCfg = Debug|x64
		{AE5ABB12-F369-4536-AC46-35D1861FABB8}.Debug|x64.Build.0 = Debug|x64
		{AE5ABB12-F369-4536-AC46-35D1861FABB8}.Debug|x86.ActiveCfg = Debug|Win32
		{AE5ABB12-F369-4536-AC46-35D1861FABB8}.Debug|x86.Build.0 = Debug|Win32
		{AE5ABB12-F369-4536-AC46-35D1861FABB8}.Release|x64.ActiveCfg = Release|x64
		{AE5ABB12-F369-4536-AC46-35D1861FABB8}.Release|x64.Build.0 = Release|x64
		{AE5ABB12-F369-4536-AC46-35D1861FABB8}.Release|x86.ActiveCfg = Release|Win32
		{AE5ABB12-F369-4536-AC46-35D1861FABB8}.Release|x86.Build.0 = Release|Win32
		{C61668AC-6A6E-4824-A908-50025CB8CC2D}.Debug|x64.ActiveCfg = Debug|x64
		{C61668AC-6A6E-4824-A908-50025CB8CC2D}.Debug|x64.Build.0 = Debug|x64
		{C61668AC-6A6E-4824-A908-50025CB8CC2D}.Debug|x86.ActiveCfg = Debug|Win32
		{C61668AC-6A6E-4824-A908-50025CB8CC2D}.Debug|x86.Build.0 = Debug|Win32
		{C61668AC-6A6E-4824-A908-50025CB8CC2D}.Release|x64.ActiveCfg = Release|x64
		{C61668AC-6A6E-4824-A908-50025CB8CC2D}.Release|x64.Build.0 = Release|x64
		{C61668AC-6A6E-4824-A908-50025CB8CC2D}.Release|x86.ActiveCfg = Release|Win32
		{C61668AC-6A6E-4824-A908-50025CB8CC2D}.Release|x86.Build.0 = Release|Win32
	EndGlobalSection
	GlobalSection(SolutionProperties) = preSolution
		HideSolutionNode = FALSE
	EndGlobalSection
	GlobalSection(ExtensibilityGlobals) = postSolution
		SolutionGuid = {9C1D1788-7C4B-4DD0-9803-F29DDD6F8268}
	EndGlobalSection
EndGlobal
