
Microsoft Visual Studio Solution File, Format Version 12.00
# Visual Studio Version 17
VisualStudioVersion = 17.1.32210.238
MinimumVisualStudioVersion = 10.0.40219.1
Project("{8BC9CEB8-8B4A-11D0-8D11-00A0C91BC942}") = "ErChaShu", "ErChaShu\ErChaShu.vcxproj", "{B426D903-D474-401C-AFEA-CE1CEA4EAD60}"
EndProject
Project("{8BC9CEB8-8B4A-11D0-8D11-00A0C91BC942}") = "102-levelorder", "levelorder\levelorder.vcxproj", "{E6672A99-AF96-458B-898F-4C48E898DFE4}"
EndProject
Project("{8BC9CEB8-8B4A-11D0-8D11-00A0C91BC942}") = "226-invertTree", "invertTree\invertTree.vcxproj", "{32845794-58A2-4597-8A34-1D6B53CE7BE9}"
EndProject
Project("{8BC9CEB8-8B4A-11D0-8D11-00A0C91BC942}") = "101-isSymmetric", "isSymmetric\isSymmetric.vcxproj", "{9AE1C86A-47C9-4932-9DEB-7324F01D87A6}"
EndProject
Project("{8BC9CEB8-8B4A-11D0-8D11-00A0C91BC942}") = "104-maxDepth", "maxDepth\maxDepth.vcxproj", "{96D0B85A-A42C-4E9B-BB75-C9CB9BB5966A}"
EndProject
Project("{8BC9CEB8-8B4A-11D0-8D11-00A0C91BC942}") = "111-minDepth", "minDepth\minDepth.vcxproj", "{A0F26A6F-1E78-441B-9D92-F12B01F77236}"
EndProject
Project("{8BC9CEB8-8B4A-11D0-8D11-00A0C91BC942}") = "222-countNodes", "countNodes\countNodes.vcxproj", "{47406500-984E-49CB-BEBB-0305C090FE0A}"
EndProject
Project("{8BC9CEB8-8B4A-11D0-8D11-00A0C91BC942}") = "110-isBalanced", "isBalanced\isBalanced.vcxproj", "{5512FD18-A46E-45C6-B769-3717847C33F9}"
EndProject
Project("{8BC9CEB8-8B4A-11D0-8D11-00A0C91BC942}") = "257-traversal_path", "traversal_path\traversal_path.vcxproj", "{0C542CEE-8FF6-4EAC-9185-AD80A1747A6D}"
EndProject
Project("{8BC9CEB8-8B4A-11D0-8D11-00A0C91BC942}") = "404-sumOfLeftLeaves", "sumOfLeftLeaves\sumOfLeftLeaves.vcxproj", "{ED6EA6E0-6B5A-4F85-88D7-57F42CA8EBB8}"
EndProject
Project("{8BC9CEB8-8B4A-11D0-8D11-00A0C91BC942}") = "513-findBottomLeftValue", "513-findBottomLeftValue\513-findBottomLeftValue.vcxproj", "{4219E4B0-4AD7-4022-894A-05D97ACCC8C0}"
EndProject
Project("{8BC9CEB8-8B4A-11D0-8D11-00A0C91BC942}") = "112-hasPathSum", "112-hasPathSum\112-hasPathSum.vcxproj", "{D5069C45-5807-462D-A017-73B85095B21A}"
EndProject
Project("{8BC9CEB8-8B4A-11D0-8D11-00A0C91BC942}") = "106-buildTree", "106-buildTree\106-buildTree.vcxproj", "{76997B91-4B3F-447B-A6C3-88C3BC20CB57}"
EndProject
Project("{8BC9CEB8-8B4A-11D0-8D11-00A0C91BC942}") = "654-constructMaximumBinaryTree", "654-constructMaximumBinaryTree\654-constructMaximumBinaryTree.vcxproj", "{EDF36888-F7B9-45FB-80CF-073C2A713E86}"
EndProject
Project("{8BC9CEB8-8B4A-11D0-8D11-00A0C91BC942}") = "617-mergeTrees", "617-mergeTrees\617-mergeTrees.vcxproj", "{F07D6E49-61D8-4E1E-BF54-353EB38EA36B}"
EndProject
Project("{8BC9CEB8-8B4A-11D0-8D11-00A0C91BC942}") = "700-searchBST", "700-searchBST\700-searchBST.vcxproj", "{F812CDFE-3F87-438C-9132-2A4EEDEB539D}"
EndProject
Project("{8BC9CEB8-8B4A-11D0-8D11-00A0C91BC942}") = "98-isValidBST", "98-isValidBST\98-isValidBST.vcxproj", "{6BF47417-F562-46B5-B666-F04CA506A507}"
EndProject
Project("{8BC9CEB8-8B4A-11D0-8D11-00A0C91BC942}") = "530-getMinimumDifference", "530-getMinimumDifference\530-getMinimumDifference.vcxproj", "{518034C0-298A-4350-B849-A2427246B041}"
EndProject
Project("{8BC9CEB8-8B4A-11D0-8D11-00A0C91BC942}") = "501-findMode", "501-findMode\501-findMode.vcxproj", "{FC76B406-36A6-4B44-B5C8-B1E049186486}"
EndProject
Project("{8BC9CEB8-8B4A-11D0-8D11-00A0C91BC942}") = "236-lowestCommonAncestor", "23-lowestCommonAncestor\23-lowestCommonAncestor.vcxproj", "{4C89A58C-2245-4E06-AD44-8A8E496D60FD}"
EndProject
Project("{8BC9CEB8-8B4A-11D0-8D11-00A0C91BC942}") = "235-lowestCommonAncestor", "235-lowestCommonAncestor\235-lowestCommonAncestor.vcxproj", "{59EB94CA-FFD2-471A-A4D1-7902731E1E19}"
EndProject
Project("{8BC9CEB8-8B4A-11D0-8D11-00A0C91BC942}") = "701-insertIntoBST", "701-insertIntoBST\701-insertIntoBST.vcxproj", "{04DA3B7C-2A27-48A3-98EB-DA232B5AA085}"
EndProject
Project("{8BC9CEB8-8B4A-11D0-8D11-00A0C91BC942}") = "450-deleteNode", "450-deleteNode\450-deleteNode.vcxproj", "{2107D63B-D981-46A6-B09E-FCC481F96131}"
EndProject
Project("{8BC9CEB8-8B4A-11D0-8D11-00A0C91BC942}") = "669-trimBST", "669-trimBST\669-trimBST.vcxproj", "{B44C69AD-BDD0-49F8-90E7-FB12A66592CB}"
EndProject
Project("{8BC9CEB8-8B4A-11D0-8D11-00A0C91BC942}") = "108-sortedArrayToBST", "108-sortedArrayToBST\108-sortedArrayToBST.vcxproj", "{2A77A821-87C1-407F-BCBF-776A6721ED3F}"
EndProject
Project("{8BC9CEB8-8B4A-11D0-8D11-00A0C91BC942}") = "538-convertBST", "538-convertBST\538-convertBST.vcxproj", "{E02AD7FF-2E6E-4C1F-96B4-7C6482948F98}"
EndProject
Global
	GlobalSection(SolutionConfigurationPlatforms) = preSolution
		Debug|x64 = Debug|x64
		Debug|x86 = Debug|x86
		Release|x64 = Release|x64
		Release|x86 = Release|x86
	EndGlobalSection
	GlobalSection(ProjectConfigurationPlatforms) = postSolution
		{B426D903-D474-401C-AFEA-CE1CEA4EAD60}.Debug|x64.ActiveCfg = Debug|x64
		{B426D903-D474-401C-AFEA-CE1CEA4EAD60}.Debug|x64.Build.0 = Debug|x64
		{B426D903-D474-401C-AFEA-CE1CEA4EAD60}.Debug|x86.ActiveCfg = Debug|Win32
		{B426D903-D474-401C-AFEA-CE1CEA4EAD60}.Debug|x86.Build.0 = Debug|Win32
		{B426D903-D474-401C-AFEA-CE1CEA4EAD60}.Release|x64.ActiveCfg = Release|x64
		{B426D903-D474-401C-AFEA-CE1CEA4EAD60}.Release|x64.Build.0 = Release|x64
		{B426D903-D474-401C-AFEA-CE1CEA4EAD60}.Release|x86.ActiveCfg = Release|Win32
		{B426D903-D474-401C-AFEA-CE1CEA4EAD60}.Release|x86.Build.0 = Release|Win32
		{E6672A99-AF96-458B-898F-4C48E898DFE4}.Debug|x64.ActiveCfg = Debug|x64
		{E6672A99-AF96-458B-898F-4C48E898DFE4}.Debug|x64.Build.0 = Debug|x64
		{E6672A99-AF96-458B-898F-4C48E898DFE4}.Debug|x86.ActiveCfg = Debug|Win32
		{E6672A99-AF96-458B-898F-4C48E898DFE4}.Debug|x86.Build.0 = Debug|Win32
		{E6672A99-AF96-458B-898F-4C48E898DFE4}.Release|x64.ActiveCfg = Release|x64
		{E6672A99-AF96-458B-898F-4C48E898DFE4}.Release|x64.Build.0 = Release|x64
		{E6672A99-AF96-458B-898F-4C48E898DFE4}.Release|x86.ActiveCfg = Release|Win32
		{E6672A99-AF96-458B-898F-4C48E898DFE4}.Release|x86.Build.0 = Release|Win32
		{32845794-58A2-4597-8A34-1D6B53CE7BE9}.Debug|x64.ActiveCfg = Debug|x64
		{32845794-58A2-4597-8A34-1D6B53CE7BE9}.Debug|x64.Build.0 = Debug|x64
		{32845794-58A2-4597-8A34-1D6B53CE7BE9}.Debug|x86.ActiveCfg = Debug|Win32
		{32845794-58A2-4597-8A34-1D6B53CE7BE9}.Debug|x86.Build.0 = Debug|Win32
		{32845794-58A2-4597-8A34-1D6B53CE7BE9}.Release|x64.ActiveCfg = Release|x64
		{32845794-58A2-4597-8A34-1D6B53CE7BE9}.Release|x64.Build.0 = Release|x64
		{32845794-58A2-4597-8A34-1D6B53CE7BE9}.Release|x86.ActiveCfg = Release|Win32
		{32845794-58A2-4597-8A34-1D6B53CE7BE9}.Release|x86.Build.0 = Release|Win32
		{9AE1C86A-47C9-4932-9DEB-7324F01D87A6}.Debug|x64.ActiveCfg = Debug|x64
		{9AE1C86A-47C9-4932-9DEB-7324F01D87A6}.Debug|x64.Build.0 = Debug|x64
		{9AE1C86A-47C9-4932-9DEB-7324F01D87A6}.Debug|x86.ActiveCfg = Debug|Win32
		{9AE1C86A-47C9-4932-9DEB-7324F01D87A6}.Debug|x86.Build.0 = Debug|Win32
		{9AE1C86A-47C9-4932-9DEB-7324F01D87A6}.Release|x64.ActiveCfg = Release|x64
		{9AE1C86A-47C9-4932-9DEB-7324F01D87A6}.Release|x64.Build.0 = Release|x64
		{9AE1C86A-47C9-4932-9DEB-7324F01D87A6}.Release|x86.ActiveCfg = Release|Win32
		{9AE1C86A-47C9-4932-9DEB-7324F01D87A6}.Release|x86.Build.0 = Release|Win32
		{96D0B85A-A42C-4E9B-BB75-C9CB9BB5966A}.Debug|x64.ActiveCfg = Debug|x64
		{96D0B85A-A42C-4E9B-BB75-C9CB9BB5966A}.Debug|x64.Build.0 = Debug|x64
		{96D0B85A-A42C-4E9B-BB75-C9CB9BB5966A}.Debug|x86.ActiveCfg = Debug|Win32
		{96D0B85A-A42C-4E9B-BB75-C9CB9BB5966A}.Debug|x86.Build.0 = Debug|Win32
		{96D0B85A-A42C-4E9B-BB75-C9CB9BB5966A}.Release|x64.ActiveCfg = Release|x64
		{96D0B85A-A42C-4E9B-BB75-C9CB9BB5966A}.Release|x64.Build.0 = Release|x64
		{96D0B85A-A42C-4E9B-BB75-C9CB9BB5966A}.Release|x86.ActiveCfg = Release|Win32
		{96D0B85A-A42C-4E9B-BB75-C9CB9BB5966A}.Release|x86.Build.0 = Release|Win32
		{A0F26A6F-1E78-441B-9D92-F12B01F77236}.Debug|x64.ActiveCfg = Debug|x64
		{A0F26A6F-1E78-441B-9D92-F12B01F77236}.Debug|x64.Build.0 = Debug|x64
		{A0F26A6F-1E78-441B-9D92-F12B01F77236}.Debug|x86.ActiveCfg = Debug|Win32
		{A0F26A6F-1E78-441B-9D92-F12B01F77236}.Debug|x86.Build.0 = Debug|Win32
		{A0F26A6F-1E78-441B-9D92-F12B01F77236}.Release|x64.ActiveCfg = Release|x64
		{A0F26A6F-1E78-441B-9D92-F12B01F77236}.Release|x64.Build.0 = Release|x64
		{A0F26A6F-1E78-441B-9D92-F12B01F77236}.Release|x86.ActiveCfg = Release|Win32
		{A0F26A6F-1E78-441B-9D92-F12B01F77236}.Release|x86.Build.0 = Release|Win32
		{47406500-984E-49CB-BEBB-0305C090FE0A}.Debug|x64.ActiveCfg = Debug|x64
		{47406500-984E-49CB-BEBB-0305C090FE0A}.Debug|x64.Build.0 = Debug|x64
		{47406500-984E-49CB-BEBB-0305C090FE0A}.Debug|x86.ActiveCfg = Debug|Win32
		{47406500-984E-49CB-BEBB-0305C090FE0A}.Debug|x86.Build.0 = Debug|Win32
		{47406500-984E-49CB-BEBB-0305C090FE0A}.Release|x64.ActiveCfg = Release|x64
		{47406500-984E-49CB-BEBB-0305C090FE0A}.Release|x64.Build.0 = Release|x64
		{47406500-984E-49CB-BEBB-0305C090FE0A}.Release|x86.ActiveCfg = Release|Win32
		{47406500-984E-49CB-BEBB-0305C090FE0A}.Release|x86.Build.0 = Release|Win32
		{5512FD18-A46E-45C6-B769-3717847C33F9}.Debug|x64.ActiveCfg = Debug|x64
		{5512FD18-A46E-45C6-B769-3717847C33F9}.Debug|x64.Build.0 = Debug|x64
		{5512FD18-A46E-45C6-B769-3717847C33F9}.Debug|x86.ActiveCfg = Debug|Win32
		{5512FD18-A46E-45C6-B769-3717847C33F9}.Debug|x86.Build.0 = Debug|Win32
		{5512FD18-A46E-45C6-B769-3717847C33F9}.Release|x64.ActiveCfg = Release|x64
		{5512FD18-A46E-45C6-B769-3717847C33F9}.Release|x64.Build.0 = Release|x64
		{5512FD18-A46E-45C6-B769-3717847C33F9}.Release|x86.ActiveCfg = Release|Win32
		{5512FD18-A46E-45C6-B769-3717847C33F9}.Release|x86.Build.0 = Release|Win32
		{0C542CEE-8FF6-4EAC-9185-AD80A1747A6D}.Debug|x64.ActiveCfg = Debug|x64
		{0C542CEE-8FF6-4EAC-9185-AD80A1747A6D}.Debug|x64.Build.0 = Debug|x64
		{0C542CEE-8FF6-4EAC-9185-AD80A1747A6D}.Debug|x86.ActiveCfg = Debug|Win32
		{0C542CEE-8FF6-4EAC-9185-AD80A1747A6D}.Debug|x86.Build.0 = Debug|Win32
		{0C542CEE-8FF6-4EAC-9185-AD80A1747A6D}.Release|x64.ActiveCfg = Release|x64
		{0C542CEE-8FF6-4EAC-9185-AD80A1747A6D}.Release|x64.Build.0 = Release|x64
		{0C542CEE-8FF6-4EAC-9185-AD80A1747A6D}.Release|x86.ActiveCfg = Release|Win32
		{0C542CEE-8FF6-4EAC-9185-AD80A1747A6D}.Release|x86.Build.0 = Release|Win32
		{ED6EA6E0-6B5A-4F85-88D7-57F42CA8EBB8}.Debug|x64.ActiveCfg = Debug|x64
		{ED6EA6E0-6B5A-4F85-88D7-57F42CA8EBB8}.Debug|x64.Build.0 = Debug|x64
		{ED6EA6E0-6B5A-4F85-88D7-57F42CA8EBB8}.Debug|x86.ActiveCfg = Debug|Win32
		{ED6EA6E0-6B5A-4F85-88D7-57F42CA8EBB8}.Debug|x86.Build.0 = Debug|Win32
		{ED6EA6E0-6B5A-4F85-88D7-57F42CA8EBB8}.Release|x64.ActiveCfg = Release|x64
		{ED6EA6E0-6B5A-4F85-88D7-57F42CA8EBB8}.Release|x64.Build.0 = Release|x64
		{ED6EA6E0-6B5A-4F85-88D7-57F42CA8EBB8}.Release|x86.ActiveCfg = Release|Win32
		{ED6EA6E0-6B5A-4F85-88D7-57F42CA8EBB8}.Release|x86.Build.0 = Release|Win32
		{4219E4B0-4AD7-4022-894A-05D97ACCC8C0}.Debug|x64.ActiveCfg = Debug|x64
		{4219E4B0-4AD7-4022-894A-05D97ACCC8C0}.Debug|x64.Build.0 = Debug|x64
		{4219E4B0-4AD7-4022-894A-05D97ACCC8C0}.Debug|x86.ActiveCfg = Debug|Win32
		{4219E4B0-4AD7-4022-894A-05D97ACCC8C0}.Debug|x86.Build.0 = Debug|Win32
		{4219E4B0-4AD7-4022-894A-05D97ACCC8C0}.Release|x64.ActiveCfg = Release|x64
		{4219E4B0-4AD7-4022-894A-05D97ACCC8C0}.Release|x64.Build.0 = Release|x64
		{4219E4B0-4AD7-4022-894A-05D97ACCC8C0}.Release|x86.ActiveCfg = Release|Win32
		{4219E4B0-4AD7-4022-894A-05D97ACCC8C0}.Release|x86.Build.0 = Release|Win32
		{D5069C45-5807-462D-A017-73B85095B21A}.Debug|x64.ActiveCfg = Debug|x64
		{D5069C45-5807-462D-A017-73B85095B21A}.Debug|x64.Build.0 = Debug|x64
		{D5069C45-5807-462D-A017-73B85095B21A}.Debug|x86.ActiveCfg = Debug|Win32
		{D5069C45-5807-462D-A017-73B85095B21A}.Debug|x86.Build.0 = Debug|Win32
		{D5069C45-5807-462D-A017-73B85095B21A}.Release|x64.ActiveCfg = Release|x64
		{D5069C45-5807-462D-A017-73B85095B21A}.Release|x64.Build.0 = Release|x64
		{D5069C45-5807-462D-A017-73B85095B21A}.Release|x86.ActiveCfg = Release|Win32
		{D5069C45-5807-462D-A017-73B85095B21A}.Release|x86.Build.0 = Release|Win32
		{76997B91-4B3F-447B-A6C3-88C3BC20CB57}.Debug|x64.ActiveCfg = Debug|x64
		{76997B91-4B3F-447B-A6C3-88C3BC20CB57}.Debug|x64.Build.0 = Debug|x64
		{76997B91-4B3F-447B-A6C3-88C3BC20CB57}.Debug|x86.ActiveCfg = Debug|Win32
		{76997B91-4B3F-447B-A6C3-88C3BC20CB57}.Debug|x86.Build.0 = Debug|Win32
		{76997B91-4B3F-447B-A6C3-88C3BC20CB57}.Release|x64.ActiveCfg = Release|x64
		{76997B91-4B3F-447B-A6C3-88C3BC20CB57}.Release|x64.Build.0 = Release|x64
		{76997B91-4B3F-447B-A6C3-88C3BC20CB57}.Release|x86.ActiveCfg = Release|Win32
		{76997B91-4B3F-447B-A6C3-88C3BC20CB57}.Release|x86.Build.0 = Release|Win32
		{EDF36888-F7B9-45FB-80CF-073C2A713E86}.Debug|x64.ActiveCfg = Debug|x64
		{EDF36888-F7B9-45FB-80CF-073C2A713E86}.Debug|x64.Build.0 = Debug|x64
		{EDF36888-F7B9-45FB-80CF-073C2A713E86}.Debug|x86.ActiveCfg = Debug|Win32
		{EDF36888-F7B9-45FB-80CF-073C2A713E86}.Debug|x86.Build.0 = Debug|Win32
		{EDF36888-F7B9-45FB-80CF-073C2A713E86}.Release|x64.ActiveCfg = Release|x64
		{EDF36888-F7B9-45FB-80CF-073C2A713E86}.Release|x64.Build.0 = Release|x64
		{EDF36888-F7B9-45FB-80CF-073C2A713E86}.Release|x86.ActiveCfg = Release|Win32
		{EDF36888-F7B9-45FB-80CF-073C2A713E86}.Release|x86.Build.0 = Release|Win32
		{F07D6E49-61D8-4E1E-BF54-353EB38EA36B}.Debug|x64.ActiveCfg = Debug|x64
		{F07D6E49-61D8-4E1E-BF54-353EB38EA36B}.Debug|x64.Build.0 = Debug|x64
		{F07D6E49-61D8-4E1E-BF54-353EB38EA36B}.Debug|x86.ActiveCfg = Debug|Win32
		{F07D6E49-61D8-4E1E-BF54-353EB38EA36B}.Debug|x86.Build.0 = Debug|Win32
		{F07D6E49-61D8-4E1E-BF54-353EB38EA36B}.Release|x64.ActiveCfg = Release|x64
		{F07D6E49-61D8-4E1E-BF54-353EB38EA36B}.Release|x64.Build.0 = Release|x64
		{F07D6E49-61D8-4E1E-BF54-353EB38EA36B}.Release|x86.ActiveCfg = Release|Win32
		{F07D6E49-61D8-4E1E-BF54-353EB38EA36B}.Release|x86.Build.0 = Release|Win32
		{F812CDFE-3F87-438C-9132-2A4EEDEB539D}.Debug|x64.ActiveCfg = Debug|x64
		{F812CDFE-3F87-438C-9132-2A4EEDEB539D}.Debug|x64.Build.0 = Debug|x64
		{F812CDFE-3F87-438C-9132-2A4EEDEB539D}.Debug|x86.ActiveCfg = Debug|Win32
		{F812CDFE-3F87-438C-9132-2A4EEDEB539D}.Debug|x86.Build.0 = Debug|Win32
		{F812CDFE-3F87-438C-9132-2A4EEDEB539D}.Release|x64.ActiveCfg = Release|x64
		{F812CDFE-3F87-438C-9132-2A4EEDEB539D}.Release|x64.Build.0 = Release|x64
		{F812CDFE-3F87-438C-9132-2A4EEDEB539D}.Release|x86.ActiveCfg = Release|Win32
		{F812CDFE-3F87-438C-9132-2A4EEDEB539D}.Release|x86.Build.0 = Release|Win32
		{6BF47417-F562-46B5-B666-F04CA506A507}.Debug|x64.ActiveCfg = Debug|x64
		{6BF47417-F562-46B5-B666-F04CA506A507}.Debug|x64.Build.0 = Debug|x64
		{6BF47417-F562-46B5-B666-F04CA506A507}.Debug|x86.ActiveCfg = Debug|Win32
		{6BF47417-F562-46B5-B666-F04CA506A507}.Debug|x86.Build.0 = Debug|Win32
		{6BF47417-F562-46B5-B666-F04CA506A507}.Release|x64.ActiveCfg = Release|x64
		{6BF47417-F562-46B5-B666-F04CA506A507}.Release|x64.Build.0 = Release|x64
		{6BF47417-F562-46B5-B666-F04CA506A507}.Release|x86.ActiveCfg = Release|Win32
		{6BF47417-F562-46B5-B666-F04CA506A507}.Release|x86.Build.0 = Release|Win32
		{518034C0-298A-4350-B849-A2427246B041}.Debug|x64.ActiveCfg = Debug|x64
		{518034C0-298A-4350-B849-A2427246B041}.Debug|x64.Build.0 = Debug|x64
		{518034C0-298A-4350-B849-A2427246B041}.Debug|x86.ActiveCfg = Debug|Win32
		{518034C0-298A-4350-B849-A2427246B041}.Debug|x86.Build.0 = Debug|Win32
		{518034C0-298A-4350-B849-A2427246B041}.Release|x64.ActiveCfg = Release|x64
		{518034C0-298A-4350-B849-A2427246B041}.Release|x64.Build.0 = Release|x64
		{518034C0-298A-4350-B849-A2427246B041}.Release|x86.ActiveCfg = Release|Win32
		{518034C0-298A-4350-B849-A2427246B041}.Release|x86.Build.0 = Release|Win32
		{FC76B406-36A6-4B44-B5C8-B1E049186486}.Debug|x64.ActiveCfg = Debug|x64
		{FC76B406-36A6-4B44-B5C8-B1E049186486}.Debug|x64.Build.0 = Debug|x64
		{FC76B406-36A6-4B44-B5C8-B1E049186486}.Debug|x86.ActiveCfg = Debug|Win32
		{FC76B406-36A6-4B44-B5C8-B1E049186486}.Debug|x86.Build.0 = Debug|Win32
		{FC76B406-36A6-4B44-B5C8-B1E049186486}.Release|x64.ActiveCfg = Release|x64
		{FC76B406-36A6-4B44-B5C8-B1E049186486}.Release|x64.Build.0 = Release|x64
		{FC76B406-36A6-4B44-B5C8-B1E049186486}.Release|x86.ActiveCfg = Release|Win32
		{FC76B406-36A6-4B44-B5C8-B1E049186486}.Release|x86.Build.0 = Release|Win32
		{4C89A58C-2245-4E06-AD44-8A8E496D60FD}.Debug|x64.ActiveCfg = Debug|x64
		{4C89A58C-2245-4E06-AD44-8A8E496D60FD}.Debug|x64.Build.0 = Debug|x64
		{4C89A58C-2245-4E06-AD44-8A8E496D60FD}.Debug|x86.ActiveCfg = Debug|Win32
		{4C89A58C-2245-4E06-AD44-8A8E496D60FD}.Debug|x86.Build.0 = Debug|Win32
		{4C89A58C-2245-4E06-AD44-8A8E496D60FD}.Release|x64.ActiveCfg = Release|x64
		{4C89A58C-2245-4E06-AD44-8A8E496D60FD}.Release|x64.Build.0 = Release|x64
		{4C89A58C-2245-4E06-AD44-8A8E496D60FD}.Release|x86.ActiveCfg = Release|Win32
		{4C89A58C-2245-4E06-AD44-8A8E496D60FD}.Release|x86.Build.0 = Release|Win32
		{59EB94CA-FFD2-471A-A4D1-7902731E1E19}.Debug|x64.ActiveCfg = Debug|x64
		{59EB94CA-FFD2-471A-A4D1-7902731E1E19}.Debug|x64.Build.0 = Debug|x64
		{59EB94CA-FFD2-471A-A4D1-7902731E1E19}.Debug|x86.ActiveCfg = Debug|Win32
		{59EB94CA-FFD2-471A-A4D1-7902731E1E19}.Debug|x86.Build.0 = Debug|Win32
		{59EB94CA-FFD2-471A-A4D1-7902731E1E19}.Release|x64.ActiveCfg = Release|x64
		{59EB94CA-FFD2-471A-A4D1-7902731E1E19}.Release|x64.Build.0 = Release|x64
		{59EB94CA-FFD2-471A-A4D1-7902731E1E19}.Release|x86.ActiveCfg = Release|Win32
		{59EB94CA-FFD2-471A-A4D1-7902731E1E19}.Release|x86.Build.0 = Release|Win32
		{04DA3B7C-2A27-48A3-98EB-DA232B5AA085}.Debug|x64.ActiveCfg = Debug|x64
		{04DA3B7C-2A27-48A3-98EB-DA232B5AA085}.Debug|x64.Build.0 = Debug|x64
		{04DA3B7C-2A27-48A3-98EB-DA232B5AA085}.Debug|x86.ActiveCfg = Debug|Win32
		{04DA3B7C-2A27-48A3-98EB-DA232B5AA085}.Debug|x86.Build.0 = Debug|Win32
		{04DA3B7C-2A27-48A3-98EB-DA232B5AA085}.Release|x64.ActiveCfg = Release|x64
		{04DA3B7C-2A27-48A3-98EB-DA232B5AA085}.Release|x64.Build.0 = Release|x64
		{04DA3B7C-2A27-48A3-98EB-DA232B5AA085}.Release|x86.ActiveCfg = Release|Win32
		{04DA3B7C-2A27-48A3-98EB-DA232B5AA085}.Release|x86.Build.0 = Release|Win32
		{2107D63B-D981-46A6-B09E-FCC481F96131}.Debug|x64.ActiveCfg = Debug|x64
		{2107D63B-D981-46A6-B09E-FCC481F96131}.Debug|x64.Build.0 = Debug|x64
		{2107D63B-D981-46A6-B09E-FCC481F96131}.Debug|x86.ActiveCfg = Debug|Win32
		{2107D63B-D981-46A6-B09E-FCC481F96131}.Debug|x86.Build.0 = Debug|Win32
		{2107D63B-D981-46A6-B09E-FCC481F96131}.Release|x64.ActiveCfg = Release|x64
		{2107D63B-D981-46A6-B09E-FCC481F96131}.Release|x64.Build.0 = Release|x64
		{2107D63B-D981-46A6-B09E-FCC481F96131}.Release|x86.ActiveCfg = Release|Win32
		{2107D63B-D981-46A6-B09E-FCC481F96131}.Release|x86.Build.0 = Release|Win32
		{B44C69AD-BDD0-49F8-90E7-FB12A66592CB}.Debug|x64.ActiveCfg = Debug|x64
		{B44C69AD-BDD0-49F8-90E7-FB12A66592CB}.Debug|x64.Build.0 = Debug|x64
		{B44C69AD-BDD0-49F8-90E7-FB12A66592CB}.Debug|x86.ActiveCfg = Debug|Win32
		{B44C69AD-BDD0-49F8-90E7-FB12A66592CB}.Debug|x86.Build.0 = Debug|Win32
		{B44C69AD-BDD0-49F8-90E7-FB12A66592CB}.Release|x64.ActiveCfg = Release|x64
		{B44C69AD-BDD0-49F8-90E7-FB12A66592CB}.Release|x64.Build.0 = Release|x64
		{B44C69AD-BDD0-49F8-90E7-FB12A66592CB}.Release|x86.ActiveCfg = Release|Win32
		{B44C69AD-BDD0-49F8-90E7-FB12A66592CB}.Release|x86.Build.0 = Release|Win32
		{2A77A821-87C1-407F-BCBF-776A6721ED3F}.Debug|x64.ActiveCfg = Debug|x64
		{2A77A821-87C1-407F-BCBF-776A6721ED3F}.Debug|x64.Build.0 = Debug|x64
		{2A77A821-87C1-407F-BCBF-776A6721ED3F}.Debug|x86.ActiveCfg = Debug|Win32
		{2A77A821-87C1-407F-BCBF-776A6721ED3F}.Debug|x86.Build.0 = Debug|Win32
		{2A77A821-87C1-407F-BCBF-776A6721ED3F}.Release|x64.ActiveCfg = Release|x64
		{2A77A821-87C1-407F-BCBF-776A6721ED3F}.Release|x64.Build.0 = Release|x64
		{2A77A821-87C1-407F-BCBF-776A6721ED3F}.Release|x86.ActiveCfg = Release|Win32
		{2A77A821-87C1-407F-BCBF-776A6721ED3F}.Release|x86.Build.0 = Release|Win32
		{E02AD7FF-2E6E-4C1F-96B4-7C6482948F98}.Debug|x64.ActiveCfg = Debug|x64
		{E02AD7FF-2E6E-4C1F-96B4-7C6482948F98}.Debug|x64.Build.0 = Debug|x64
		{E02AD7FF-2E6E-4C1F-96B4-7C6482948F98}.Debug|x86.ActiveCfg = Debug|Win32
		{E02AD7FF-2E6E-4C1F-96B4-7C6482948F98}.Debug|x86.Build.0 = Debug|Win32
		{E02AD7FF-2E6E-4C1F-96B4-7C6482948F98}.Release|x64.ActiveCfg = Release|x64
		{E02AD7FF-2E6E-4C1F-96B4-7C6482948F98}.Release|x64.Build.0 = Release|x64
		{E02AD7FF-2E6E-4C1F-96B4-7C6482948F98}.Release|x86.ActiveCfg = Release|Win32
		{E02AD7FF-2E6E-4C1F-96B4-7C6482948F98}.Release|x86.Build.0 = Release|Win32
	EndGlobalSection
	GlobalSection(SolutionProperties) = preSolution
		HideSolutionNode = FALSE
	EndGlobalSection
	GlobalSection(ExtensibilityGlobals) = postSolution
		SolutionGuid = {6EC09C1E-96AD-47D0-8DD4-20A2E9923C3E}
	EndGlobalSection
EndGlobal
