
Microsoft Visual Studio Solution File, Format Version 12.00
# Visual Studio Version 17
VisualStudioVersion = 17.1.32210.238
MinimumVisualStudioVersion = 10.0.40219.1
Project("{8BC9CEB8-8B4A-11D0-8D11-00A0C91BC942}") = "TanXin", "TanXin\TanXin.vcxproj", "{6C8096BC-564C-4168-9274-BBA63C75AE3B}"
EndProject
Project("{8BC9CEB8-8B4A-11D0-8D11-00A0C91BC942}") = "376-wiggleMaxLength", "376-wiggleMaxLength\376-wiggleMaxLength.vcxproj", "{D1429C57-1C69-424A-BDBA-2C27FE21D53D}"
EndProject
Project("{8BC9CEB8-8B4A-11D0-8D11-00A0C91BC942}") = "53-maxSubArray", "53-maxSubArray\53-maxSubArray.vcxproj", "{B74F48F7-BE02-4D17-A213-E9AB89795A5E}"
EndProject
Project("{8BC9CEB8-8B4A-11D0-8D11-00A0C91BC942}") = "122-maxProfit", "122-maxProfit\122-maxProfit.vcxproj", "{4A2A0016-E8E3-42C7-A99A-5BC8BF32F223}"
EndProject
Project("{8BC9CEB8-8B4A-11D0-8D11-00A0C91BC942}") = "55-canJump", "55-canJump\55-canJump.vcxproj", "{E08E0853-8AFC-47B8-A788-2BC11C5125D1}"
EndProject
Project("{8BC9CEB8-8B4A-11D0-8D11-00A0C91BC942}") = "45-jump", "45-jump\45-jump.vcxproj", "{97341417-6CAC-4638-A2FD-17D07BE6E7BA}"
EndProject
Project("{8BC9CEB8-8B4A-11D0-8D11-00A0C91BC942}") = "1005-largestSumAfterKNegations", "1005-largestSumAfterKNegations\1005-largestSumAfterKNegations.vcxproj", "{76BD0A3E-4AD7-47C3-80A7-7ABD44E7B8F4}"
EndProject
Global
	GlobalSection(SolutionConfigurationPlatforms) = preSolution
		Debug|x64 = Debug|x64
		Debug|x86 = Debug|x86
		Release|x64 = Release|x64
		Release|x86 = Release|x86
	EndGlobalSection
	GlobalSection(ProjectConfigurationPlatforms) = postSolution
		{6C8096BC-564C-4168-9274-BBA63C75AE3B}.Debug|x64.ActiveCfg = Debug|x64
		{6C8096BC-564C-4168-9274-BBA63C75AE3B}.Debug|x64.Build.0 = Debug|x64
		{6C8096BC-564C-4168-9274-BBA63C75AE3B}.Debug|x86.ActiveCfg = Debug|Win32
		{6C8096BC-564C-4168-9274-BBA63C75AE3B}.Debug|x86.Build.0 = Debug|Win32
		{6C8096BC-564C-4168-9274-BBA63C75AE3B}.Release|x64.ActiveCfg = Release|x64
		{6C8096BC-564C-4168-9274-BBA63C75AE3B}.Release|x64.Build.0 = Release|x64
		{6C8096BC-564C-4168-9274-BBA63C75AE3B}.Release|x86.ActiveCfg = Release|Win32
		{6C8096BC-564C-4168-9274-BBA63C75AE3B}.Release|x86.Build.0 = Release|Win32
		{D1429C57-1C69-424A-BDBA-2C27FE21D53D}.Debug|x64.ActiveCfg = Debug|x64
		{D1429C57-1C69-424A-BDBA-2C27FE21D53D}.Debug|x64.Build.0 = Debug|x64
		{D1429C57-1C69-424A-BDBA-2C27FE21D53D}.Debug|x86.ActiveCfg = Debug|Win32
		{D1429C57-1C69-424A-BDBA-2C27FE21D53D}.Debug|x86.Build.0 = Debug|Win32
		{D1429C57-1C69-424A-BDBA-2C27FE21D53D}.Release|x64.ActiveCfg = Release|x64
		{D1429C57-1C69-424A-BDBA-2C27FE21D53D}.Release|x64.Build.0 = Release|x64
		{D1429C57-1C69-424A-BDBA-2C27FE21D53D}.Release|x86.ActiveCfg = Release|Win32
		{D1429C57-1C69-424A-BDBA-2C27FE21D53D}.Release|x86.Build.0 = Release|Win32
		{B74F48F7-BE02-4D17-A213-E9AB89795A5E}.Debug|x64.ActiveCfg = Debug|x64
		{B74F48F7-BE02-4D17-A213-E9AB89795A5E}.Debug|x64.Build.0 = Debug|x64
		{B74F48F7-BE02-4D17-A213-E9AB89795A5E}.Debug|x86.ActiveCfg = Debug|Win32
		{B74F48F7-BE02-4D17-A213-E9AB89795A5E}.Debug|x86.Build.0 = Debug|Win32
		{B74F48F7-BE02-4D17-A213-E9AB89795A5E}.Release|x64.ActiveCfg = Release|x64
		{B74F48F7-BE02-4D17-A213-E9AB89795A5E}.Release|x64.Build.0 = Release|x64
		{B74F48F7-BE02-4D17-A213-E9AB89795A5E}.Release|x86.ActiveCfg = Release|Win32
		{B74F48F7-BE02-4D17-A213-E9AB89795A5E}.Release|x86.Build.0 = Release|Win32
		{4A2A0016-E8E3-42C7-A99A-5BC8BF32F223}.Debug|x64.ActiveCfg = Debug|x64
		{4A2A0016-E8E3-42C7-A99A-5BC8BF32F223}.Debug|x64.Build.0 = Debug|x64
		{4A2A0016-E8E3-42C7-A99A-5BC8BF32F223}.Debug|x86.ActiveCfg = Debug|Win32
		{4A2A0016-E8E3-42C7-A99A-5BC8BF32F223}.Debug|x86.Build.0 = Debug|Win32
		{4A2A0016-E8E3-42C7-A99A-5BC8BF32F223}.Release|x64.ActiveCfg = Release|x64
		{4A2A0016-E8E3-42C7-A99A-5BC8BF32F223}.Release|x64.Build.0 = Release|x64
		{4A2A0016-E8E3-42C7-A99A-5BC8BF32F223}.Release|x86.ActiveCfg = Release|Win32
		{4A2A0016-E8E3-42C7-A99A-5BC8BF32F223}.Release|x86.Build.0 = Release|Win32
		{E08E0853-8AFC-47B8-A788-2BC11C5125D1}.Debug|x64.ActiveCfg = Debug|x64
		{E08E0853-8AFC-47B8-A788-2BC11C5125D1}.Debug|x64.Build.0 = Debug|x64
		{E08E0853-8AFC-47B8-A788-2BC11C5125D1}.Debug|x86.ActiveCfg = Debug|Win32
		{E08E0853-8AFC-47B8-A788-2BC11C5125D1}.Debug|x86.Build.0 = Debug|Win32
		{E08E0853-8AFC-47B8-A788-2BC11C5125D1}.Release|x64.ActiveCfg = Release|x64
		{E08E0853-8AFC-47B8-A788-2BC11C5125D1}.Release|x64.Build.0 = Release|x64
		{E08E0853-8AFC-47B8-A788-2BC11C5125D1}.Release|x86.ActiveCfg = Release|Win32
		{E08E0853-8AFC-47B8-A788-2BC11C5125D1}.Release|x86.Build.0 = Release|Win32
		{97341417-6CAC-4638-A2FD-17D07BE6E7BA}.Debug|x64.ActiveCfg = Debug|x64
		{97341417-6CAC-4638-A2FD-17D07BE6E7BA}.Debug|x64.Build.0 = Debug|x64
		{97341417-6CAC-4638-A2FD-17D07BE6E7BA}.Debug|x86.ActiveCfg = Debug|Win32
		{97341417-6CAC-4638-A2FD-17D07BE6E7BA}.Debug|x86.Build.0 = Debug|Win32
		{97341417-6CAC-4638-A2FD-17D07BE6E7BA}.Release|x64.ActiveCfg = Release|x64
		{97341417-6CAC-4638-A2FD-17D07BE6E7BA}.Release|x64.Build.0 = Release|x64
		{97341417-6CAC-4638-A2FD-17D07BE6E7BA}.Release|x86.ActiveCfg = Release|Win32
		{97341417-6CAC-4638-A2FD-17D07BE6E7BA}.Release|x86.Build.0 = Release|Win32
		{76BD0A3E-4AD7-47C3-80A7-7ABD44E7B8F4}.Debug|x64.ActiveCfg = Debug|x64
		{76BD0A3E-4AD7-47C3-80A7-7ABD44E7B8F4}.Debug|x64.Build.0 = Debug|x64
		{76BD0A3E-4AD7-47C3-80A7-7ABD44E7B8F4}.Debug|x86.ActiveCfg = Debug|Win32
		{76BD0A3E-4AD7-47C3-80A7-7ABD44E7B8F4}.Debug|x86.Build.0 = Debug|Win32
		{76BD0A3E-4AD7-47C3-80A7-7ABD44E7B8F4}.Release|x64.ActiveCfg = Release|x64
		{76BD0A3E-4AD7-47C3-80A7-7ABD44E7B8F4}.Release|x64.Build.0 = Release|x64
		{76BD0A3E-4AD7-47C3-80A7-7ABD44E7B8F4}.Release|x86.ActiveCfg = Release|Win32
		{76BD0A3E-4AD7-47C3-80A7-7ABD44E7B8F4}.Release|x86.Build.0 = Release|Win32
	EndGlobalSection
	GlobalSection(SolutionProperties) = preSolution
		HideSolutionNode = FALSE
	EndGlobalSection
	GlobalSection(ExtensibilityGlobals) = postSolution
		SolutionGuid = {78C5F2A7-0F39-43A5-9767-A6F3F4CDEFAF}
	EndGlobalSection
EndGlobal
