
Microsoft Visual Studio Solution File, Format Version 12.00
# Visual Studio Version 17
VisualStudioVersion = 17.1.32210.238
MinimumVisualStudioVersion = 10.0.40219.1
Project("{8BC9CEB8-8B4A-11D0-8D11-00A0C91BC942}") = "HashTable", "HashTable\HashTable.vcxproj", "{00CC0D94-BB56-41F5-8389-F1D4D5A4958E}"
EndProject
Project("{8BC9CEB8-8B4A-11D0-8D11-00A0C91BC942}") = "intersection", "intersection\intersection.vcxproj", "{E095727C-F617-434F-83FC-3C4E7FF81C76}"
EndProject
Project("{8BC9CEB8-8B4A-11D0-8D11-00A0C91BC942}") = "isHappy", "isHappy\isHappy.vcxproj", "{58FD7DB1-181C-48A3-A533-FC0A33789C6F}"
EndProject
Project("{8BC9CEB8-8B4A-11D0-8D11-00A0C91BC942}") = "twoSum", "twoSum\twoSum.vcxproj", "{6D560317-AF40-4835-A348-E44E029CB9DF}"
EndProject
Project("{8BC9CEB8-8B4A-11D0-8D11-00A0C91BC942}") = "fourSumCount", "fourSumCount\fourSumCount.vcxproj", "{A60DF602-5F3F-4C68-BF3B-6E254E6A4D88}"
EndProject
Project("{8BC9CEB8-8B4A-11D0-8D11-00A0C91BC942}") = "canConstruct", "canConstruct\canConstruct.vcxproj", "{5ADBEF45-8B5C-446D-AFC8-E4F677AD8B1F}"
EndProject
Project("{8BC9CEB8-8B4A-11D0-8D11-00A0C91BC942}") = "threeSum", "threeSum\threeSum.vcxproj", "{50C15F60-0A8F-4ADE-BFC0-05729459E4EE}"
EndProject
Project("{8BC9CEB8-8B4A-11D0-8D11-00A0C91BC942}") = "fourSum", "fourSum\fourSum.vcxproj", "{69D4EEB0-B5B6-45B9-9FB4-04A590D97506}"
EndProject
Global
	GlobalSection(SolutionConfigurationPlatforms) = preSolution
		Debug|x64 = Debug|x64
		Debug|x86 = Debug|x86
		Release|x64 = Release|x64
		Release|x86 = Release|x86
	EndGlobalSection
	GlobalSection(ProjectConfigurationPlatforms) = postSolution
		{00CC0D94-BB56-41F5-8389-F1D4D5A4958E}.Debug|x64.ActiveCfg = Debug|x64
		{00CC0D94-BB56-41F5-8389-F1D4D5A4958E}.Debug|x64.Build.0 = Debug|x64
		{00CC0D94-BB56-41F5-8389-F1D4D5A4958E}.Debug|x86.ActiveCfg = Debug|Win32
		{00CC0D94-BB56-41F5-8389-F1D4D5A4958E}.Debug|x86.Build.0 = Debug|Win32
		{00CC0D94-BB56-41F5-8389-F1D4D5A4958E}.Release|x64.ActiveCfg = Release|x64
		{00CC0D94-BB56-41F5-8389-F1D4D5A4958E}.Release|x64.Build.0 = Release|x64
		{00CC0D94-BB56-41F5-8389-F1D4D5A4958E}.Release|x86.ActiveCfg = Release|Win32
		{00CC0D94-BB56-41F5-8389-F1D4D5A4958E}.Release|x86.Build.0 = Release|Win32
		{E095727C-F617-434F-83FC-3C4E7FF81C76}.Debug|x64.ActiveCfg = Debug|x64
		{E095727C-F617-434F-83FC-3C4E7FF81C76}.Debug|x64.Build.0 = Debug|x64
		{E095727C-F617-434F-83FC-3C4E7FF81C76}.Debug|x86.ActiveCfg = Debug|Win32
		{E095727C-F617-434F-83FC-3C4E7FF81C76}.Debug|x86.Build.0 = Debug|Win32
		{E095727C-F617-434F-83FC-3C4E7FF81C76}.Release|x64.ActiveCfg = Release|x64
		{E095727C-F617-434F-83FC-3C4E7FF81C76}.Release|x64.Build.0 = Release|x64
		{E095727C-F617-434F-83FC-3C4E7FF81C76}.Release|x86.ActiveCfg = Release|Win32
		{E095727C-F617-434F-83FC-3C4E7FF81C76}.Release|x86.Build.0 = Release|Win32
		{58FD7DB1-181C-48A3-A533-FC0A33789C6F}.Debug|x64.ActiveCfg = Debug|x64
		{58FD7DB1-181C-48A3-A533-FC0A33789C6F}.Debug|x64.Build.0 = Debug|x64
		{58FD7DB1-181C-48A3-A533-FC0A33789C6F}.Debug|x86.ActiveCfg = Debug|Win32
		{58FD7DB1-181C-48A3-A533-FC0A33789C6F}.Debug|x86.Build.0 = Debug|Win32
		{58FD7DB1-181C-48A3-A533-FC0A33789C6F}.Release|x64.ActiveCfg = Release|x64
		{58FD7DB1-181C-48A3-A533-FC0A33789C6F}.Release|x64.Build.0 = Release|x64
		{58FD7DB1-181C-48A3-A533-FC0A33789C6F}.Release|x86.ActiveCfg = Release|Win32
		{58FD7DB1-181C-48A3-A533-FC0A33789C6F}.Release|x86.Build.0 = Release|Win32
		{6D560317-AF40-4835-A348-E44E029CB9DF}.Debug|x64.ActiveCfg = Debug|x64
		{6D560317-AF40-4835-A348-E44E029CB9DF}.Debug|x64.Build.0 = Debug|x64
		{6D560317-AF40-4835-A348-E44E029CB9DF}.Debug|x86.ActiveCfg = Debug|Win32
		{6D560317-AF40-4835-A348-E44E029CB9DF}.Debug|x86.Build.0 = Debug|Win32
		{6D560317-AF40-4835-A348-E44E029CB9DF}.Release|x64.ActiveCfg = Release|x64
		{6D560317-AF40-4835-A348-E44E029CB9DF}.Release|x64.Build.0 = Release|x64
		{6D560317-AF40-4835-A348-E44E029CB9DF}.Release|x86.ActiveCfg = Release|Win32
		{6D560317-AF40-4835-A348-E44E029CB9DF}.Release|x86.Build.0 = Release|Win32
		{A60DF602-5F3F-4C68-BF3B-6E254E6A4D88}.Debug|x64.ActiveCfg = Debug|x64
		{A60DF602-5F3F-4C68-BF3B-6E254E6A4D88}.Debug|x64.Build.0 = Debug|x64
		{A60DF602-5F3F-4C68-BF3B-6E254E6A4D88}.Debug|x86.ActiveCfg = Debug|Win32
		{A60DF602-5F3F-4C68-BF3B-6E254E6A4D88}.Debug|x86.Build.0 = Debug|Win32
		{A60DF602-5F3F-4C68-BF3B-6E254E6A4D88}.Release|x64.ActiveCfg = Release|x64
		{A60DF602-5F3F-4C68-BF3B-6E254E6A4D88}.Release|x64.Build.0 = Release|x64
		{A60DF602-5F3F-4C68-BF3B-6E254E6A4D88}.Release|x86.ActiveCfg = Release|Win32
		{A60DF602-5F3F-4C68-BF3B-6E254E6A4D88}.Release|x86.Build.0 = Release|Win32
		{5ADBEF45-8B5C-446D-AFC8-E4F677AD8B1F}.Debug|x64.ActiveCfg = Debug|x64
		{5ADBEF45-8B5C-446D-AFC8-E4F677AD8B1F}.Debug|x64.Build.0 = Debug|x64
		{5ADBEF45-8B5C-446D-AFC8-E4F677AD8B1F}.Debug|x86.ActiveCfg = Debug|Win32
		{5ADBEF45-8B5C-446D-AFC8-E4F677AD8B1F}.Debug|x86.Build.0 = Debug|Win32
		{5ADBEF45-8B5C-446D-AFC8-E4F677AD8B1F}.Release|x64.ActiveCfg = Release|x64
		{5ADBEF45-8B5C-446D-AFC8-E4F677AD8B1F}.Release|x64.Build.0 = Release|x64
		{5ADBEF45-8B5C-446D-AFC8-E4F677AD8B1F}.Release|x86.ActiveCfg = Release|Win32
		{5ADBEF45-8B5C-446D-AFC8-E4F677AD8B1F}.Release|x86.Build.0 = Release|Win32
		{50C15F60-0A8F-4ADE-BFC0-05729459E4EE}.Debug|x64.ActiveCfg = Debug|x64
		{50C15F60-0A8F-4ADE-BFC0-05729459E4EE}.Debug|x64.Build.0 = Debug|x64
		{50C15F60-0A8F-4ADE-BFC0-05729459E4EE}.Debug|x86.ActiveCfg = Debug|Win32
		{50C15F60-0A8F-4ADE-BFC0-05729459E4EE}.Debug|x86.Build.0 = Debug|Win32
		{50C15F60-0A8F-4ADE-BFC0-05729459E4EE}.Release|x64.ActiveCfg = Release|x64
		{50C15F60-0A8F-4ADE-BFC0-05729459E4EE}.Release|x64.Build.0 = Release|x64
		{50C15F60-0A8F-4ADE-BFC0-05729459E4EE}.Release|x86.ActiveCfg = Release|Win32
		{50C15F60-0A8F-4ADE-BFC0-05729459E4EE}.Release|x86.Build.0 = Release|Win32
		{69D4EEB0-B5B6-45B9-9FB4-04A590D97506}.Debug|x64.ActiveCfg = Debug|x64
		{69D4EEB0-B5B6-45B9-9FB4-04A590D97506}.Debug|x64.Build.0 = Debug|x64
		{69D4EEB0-B5B6-45B9-9FB4-04A590D97506}.Debug|x86.ActiveCfg = Debug|Win32
		{69D4EEB0-B5B6-45B9-9FB4-04A590D97506}.Debug|x86.Build.0 = Debug|Win32
		{69D4EEB0-B5B6-45B9-9FB4-04A590D97506}.Release|x64.ActiveCfg = Release|x64
		{69D4EEB0-B5B6-45B9-9FB4-04A590D97506}.Release|x64.Build.0 = Release|x64
		{69D4EEB0-B5B6-45B9-9FB4-04A590D97506}.Release|x86.ActiveCfg = Release|Win32
		{69D4EEB0-B5B6-45B9-9FB4-04A590D97506}.Release|x86.Build.0 = Release|Win32
	EndGlobalSection
	GlobalSection(SolutionProperties) = preSolution
		HideSolutionNode = FALSE
	EndGlobalSection
	GlobalSection(ExtensibilityGlobals) = postSolution
		SolutionGuid = {032AB6B1-7E51-4EC7-B30A-59B692380DDE}
	EndGlobalSection
EndGlobal
